
Microsoft Visual Studio Solution File, Format Version 12.00
# Visual Studio Version 16
VisualStudioVersion = 16.0.30011.22
MinimumVisualStudioVersion = 10.0.40219.1
Project("{9A19103F-16F7-4668-BE54-9A1E7A4F7556}") = "OpenLibrary.Common", "OpenLibrary.Common\OpenLibrary.Common.csproj", "{E16C17E8-3B79-40BC-AABE-76C77BF4C678}"
EndProject
Project("{9A19103F-16F7-4668-BE54-9A1E7A4F7556}") = "OpenLibrary.Web", "OpenLibrary.Web\OpenLibrary.Web.csproj", "{06A5722C-23E6-4972-ABE5-35CBF645BFCB}"
EndProject
Project("{FAE04EC0-301F-11D3-BF4B-00C04F79EFBC}") = "OpenLibrary.Prism", "OpenLibrary.Prism\OpenLibrary.Prism\OpenLibrary.Prism.csproj", "{D858AED6-876A-46F5-9005-69EADAF845BC}"
EndProject
Project("{FAE04EC0-301F-11D3-BF4B-00C04F79EFBC}") = "OpenLibrary.Prism.Android", "OpenLibrary.Prism\OpenLibrary.Prism.Android\OpenLibrary.Prism.Android.csproj", "{B5CA24F1-1A28-42BE-B299-053E4242AA63}"
EndProject
Project("{FAE04EC0-301F-11D3-BF4B-00C04F79EFBC}") = "OpenLibrary.Prism.iOS", "OpenLibrary.Prism\OpenLibrary.Prism.iOS\OpenLibrary.Prism.iOS.csproj", "{8B928BC9-BD69-476C-BCDC-4F552C7263C9}"
EndProject
Global
	GlobalSection(SolutionConfigurationPlatforms) = preSolution
		Ad-Hoc|Any CPU = Ad-Hoc|Any CPU
		Ad-Hoc|iPhone = Ad-Hoc|iPhone
		Ad-Hoc|iPhoneSimulator = Ad-Hoc|iPhoneSimulator
		AppStore|Any CPU = AppStore|Any CPU
		AppStore|iPhone = AppStore|iPhone
		AppStore|iPhoneSimulator = AppStore|iPhoneSimulator
		Debug|Any CPU = Debug|Any CPU
		Debug|iPhone = Debug|iPhone
		Debug|iPhoneSimulator = Debug|iPhoneSimulator
		Release|Any CPU = Release|Any CPU
		Release|iPhone = Release|iPhone
		Release|iPhoneSimulator = Release|iPhoneSimulator
	EndGlobalSection
	GlobalSection(ProjectConfigurationPlatforms) = postSolution
		{E16C17E8-3B79-40BC-AABE-76C77BF4C678}.Ad-Hoc|Any CPU.ActiveCfg = Release|Any CPU
		{E16C17E8-3B79-40BC-AABE-76C77BF4C678}.Ad-Hoc|Any CPU.Build.0 = Release|Any CPU
		{E16C17E8-3B79-40BC-AABE-76C77BF4C678}.Ad-Hoc|iPhone.ActiveCfg = Release|Any CPU
		{E16C17E8-3B79-40BC-AABE-76C77BF4C678}.Ad-Hoc|iPhone.Build.0 = Release|Any CPU
		{E16C17E8-3B79-40BC-AABE-76C77BF4C678}.Ad-Hoc|iPhoneSimulator.ActiveCfg = Release|Any CPU
		{E16C17E8-3B79-40BC-AABE-76C77BF4C678}.Ad-Hoc|iPhoneSimulator.Build.0 = Release|Any CPU
		{E16C17E8-3B79-40BC-AABE-76C77BF4C678}.AppStore|Any CPU.ActiveCfg = Release|Any CPU
		{E16C17E8-3B79-40BC-AABE-76C77BF4C678}.AppStore|Any CPU.Build.0 = Release|Any CPU
		{E16C17E8-3B79-40BC-AABE-76C77BF4C678}.AppStore|iPhone.ActiveCfg = Release|Any CPU
		{E16C17E8-3B79-40BC-AABE-76C77BF4C678}.AppStore|iPhone.Build.0 = Release|Any CPU
		{E16C17E8-3B79-40BC-AABE-76C77BF4C678}.AppStore|iPhoneSimulator.ActiveCfg = Release|Any CPU
		{E16C17E8-3B79-40BC-AABE-76C77BF4C678}.AppStore|iPhoneSimulator.Build.0 = Release|Any CPU
		{E16C17E8-3B79-40BC-AABE-76C77BF4C678}.Debug|Any CPU.ActiveCfg = Debug|Any CPU
		{E16C17E8-3B79-40BC-AABE-76C77BF4C678}.Debug|Any CPU.Build.0 = Debug|Any CPU
		{E16C17E8-3B79-40BC-AABE-76C77BF4C678}.Debug|iPhone.ActiveCfg = Debug|Any CPU
		{E16C17E8-3B79-40BC-AABE-76C77BF4C678}.Debug|iPhone.Build.0 = Debug|Any CPU
		{E16C17E8-3B79-40BC-AABE-76C77BF4C678}.Debug|iPhoneSimulator.ActiveCfg = Debug|Any CPU
		{E16C17E8-3B79-40BC-AABE-76C77BF4C678}.Debug|iPhoneSimulator.Build.0 = Debug|Any CPU
		{E16C17E8-3B79-40BC-AABE-76C77BF4C678}.Release|Any CPU.ActiveCfg = Release|Any CPU
		{E16C17E8-3B79-40BC-AABE-76C77BF4C678}.Release|Any CPU.Build.0 = Release|Any CPU
		{E16C17E8-3B79-40BC-AABE-76C77BF4C678}.Release|iPhone.ActiveCfg = Release|Any CPU
		{E16C17E8-3B79-40BC-AABE-76C77BF4C678}.Release|iPhone.Build.0 = Release|Any CPU
		{E16C17E8-3B79-40BC-AABE-76C77BF4C678}.Release|iPhoneSimulator.ActiveCfg = Release|Any CPU
		{E16C17E8-3B79-40BC-AABE-76C77BF4C678}.Release|iPhoneSimulator.Build.0 = Release|Any CPU
		{06A5722C-23E6-4972-ABE5-35CBF645BFCB}.Ad-Hoc|Any CPU.ActiveCfg = Release|Any CPU
		{06A5722C-23E6-4972-ABE5-35CBF645BFCB}.Ad-Hoc|Any CPU.Build.0 = Release|Any CPU
		{06A5722C-23E6-4972-ABE5-35CBF645BFCB}.Ad-Hoc|iPhone.ActiveCfg = Release|Any CPU
		{06A5722C-23E6-4972-ABE5-35CBF645BFCB}.Ad-Hoc|iPhone.Build.0 = Release|Any CPU
		{06A5722C-23E6-4972-ABE5-35CBF645BFCB}.Ad-Hoc|iPhoneSimulator.ActiveCfg = Release|Any CPU
		{06A5722C-23E6-4972-ABE5-35CBF645BFCB}.Ad-Hoc|iPhoneSimulator.Build.0 = Release|Any CPU
		{06A5722C-23E6-4972-ABE5-35CBF645BFCB}.AppStore|Any CPU.ActiveCfg = Release|Any CPU
		{06A5722C-23E6-4972-ABE5-35CBF645BFCB}.AppStore|Any CPU.Build.0 = Release|Any CPU
		{06A5722C-23E6-4972-ABE5-35CBF645BFCB}.AppStore|iPhone.ActiveCfg = Release|Any CPU
		{06A5722C-23E6-4972-ABE5-35CBF645BFCB}.AppStore|iPhone.Build.0 = Release|Any CPU
		{06A5722C-23E6-4972-ABE5-35CBF645BFCB}.AppStore|iPhoneSimulator.ActiveCfg = Release|Any CPU
		{06A5722C-23E6-4972-ABE5-35CBF645BFCB}.AppStore|iPhoneSimulator.Build.0 = Release|Any CPU
		{06A5722C-23E6-4972-ABE5-35CBF645BFCB}.Debug|Any CPU.ActiveCfg = Debug|Any CPU
		{06A5722C-23E6-4972-ABE5-35CBF645BFCB}.Debug|Any CPU.Build.0 = Debug|Any CPU
		{06A5722C-23E6-4972-ABE5-35CBF645BFCB}.Debug|iPhone.ActiveCfg = Debug|Any CPU
		{06A5722C-23E6-4972-ABE5-35CBF645BFCB}.Debug|iPhone.Build.0 = Debug|Any CPU
		{06A5722C-23E6-4972-ABE5-35CBF645BFCB}.Debug|iPhoneSimulator.ActiveCfg = Debug|Any CPU
		{06A5722C-23E6-4972-ABE5-35CBF645BFCB}.Debug|iPhoneSimulator.Build.0 = Debug|Any CPU
		{06A5722C-23E6-4972-ABE5-35CBF645BFCB}.Release|Any CPU.ActiveCfg = Release|Any CPU
		{06A5722C-23E6-4972-ABE5-35CBF645BFCB}.Release|Any CPU.Build.0 = Release|Any CPU
		{06A5722C-23E6-4972-ABE5-35CBF645BFCB}.Release|iPhone.ActiveCfg = Release|Any CPU
		{06A5722C-23E6-4972-ABE5-35CBF645BFCB}.Release|iPhone.Build.0 = Release|Any CPU
		{06A5722C-23E6-4972-ABE5-35CBF645BFCB}.Release|iPhoneSimulator.ActiveCfg = Release|Any CPU
		{06A5722C-23E6-4972-ABE5-35CBF645BFCB}.Release|iPhoneSimulator.Build.0 = Release|Any CPU
		{D858AED6-876A-46F5-9005-69EADAF845BC}.Ad-Hoc|Any CPU.ActiveCfg = Debug|Any CPU
		{D858AED6-876A-46F5-9005-69EADAF845BC}.Ad-Hoc|Any CPU.Build.0 = Debug|Any CPU
		{D858AED6-876A-46F5-9005-69EADAF845BC}.Ad-Hoc|iPhone.ActiveCfg = Debug|Any CPU
		{D858AED6-876A-46F5-9005-69EADAF845BC}.Ad-Hoc|iPhone.Build.0 = Debug|Any CPU
		{D858AED6-876A-46F5-9005-69EADAF845BC}.Ad-Hoc|iPhoneSimulator.ActiveCfg = Debug|Any CPU
		{D858AED6-876A-46F5-9005-69EADAF845BC}.Ad-Hoc|iPhoneSimulator.Build.0 = Debug|Any CPU
		{D858AED6-876A-46F5-9005-69EADAF845BC}.AppStore|Any CPU.ActiveCfg = Debug|Any CPU
		{D858AED6-876A-46F5-9005-69EADAF845BC}.AppStore|Any CPU.Build.0 = Debug|Any CPU
		{D858AED6-876A-46F5-9005-69EADAF845BC}.AppStore|iPhone.ActiveCfg = Debug|Any CPU
		{D858AED6-876A-46F5-9005-69EADAF845BC}.AppStore|iPhone.Build.0 = Debug|Any CPU
		{D858AED6-876A-46F5-9005-69EADAF845BC}.AppStore|iPhoneSimulator.ActiveCfg = Debug|Any CPU
		{D858AED6-876A-46F5-9005-69EADAF845BC}.AppStore|iPhoneSimulator.Build.0 = Debug|Any CPU
		{D858AED6-876A-46F5-9005-69EADAF845BC}.Debug|Any CPU.ActiveCfg = Debug|Any CPU
		{D858AED6-876A-46F5-9005-69EADAF845BC}.Debug|Any CPU.Build.0 = Debug|Any CPU
		{D858AED6-876A-46F5-9005-69EADAF845BC}.Debug|iPhone.ActiveCfg = Debug|Any CPU
		{D858AED6-876A-46F5-9005-69EADAF845BC}.Debug|iPhone.Build.0 = Debug|Any CPU
		{D858AED6-876A-46F5-9005-69EADAF845BC}.Debug|iPhoneSimulator.ActiveCfg = Debug|Any CPU
		{D858AED6-876A-46F5-9005-69EADAF845BC}.Debug|iPhoneSimulator.Build.0 = Debug|Any CPU
		{D858AED6-876A-46F5-9005-69EADAF845BC}.Release|Any CPU.ActiveCfg = Release|Any CPU
		{D858AED6-876A-46F5-9005-69EADAF845BC}.Release|Any CPU.Build.0 = Release|Any CPU
		{D858AED6-876A-46F5-9005-69EADAF845BC}.Release|iPhone.ActiveCfg = Release|Any CPU
		{D858AED6-876A-46F5-9005-69EADAF845BC}.Release|iPhone.Build.0 = Release|Any CPU
		{D858AED6-876A-46F5-9005-69EADAF845BC}.Release|iPhoneSimulator.ActiveCfg = Release|Any CPU
		{D858AED6-876A-46F5-9005-69EADAF845BC}.Release|iPhoneSimulator.Build.0 = Release|Any CPU
		{B5CA24F1-1A28-42BE-B299-053E4242AA63}.Ad-Hoc|Any CPU.ActiveCfg = Release|Any CPU
		{B5CA24F1-1A28-42BE-B299-053E4242AA63}.Ad-Hoc|Any CPU.Build.0 = Release|Any CPU
		{B5CA24F1-1A28-42BE-B299-053E4242AA63}.Ad-Hoc|Any CPU.Deploy.0 = Release|Any CPU
		{B5CA24F1-1A28-42BE-B299-053E4242AA63}.Ad-Hoc|iPhone.ActiveCfg = Release|Any CPU
		{B5CA24F1-1A28-42BE-B299-053E4242AA63}.Ad-Hoc|iPhone.Build.0 = Release|Any CPU
		{B5CA24F1-1A28-42BE-B299-053E4242AA63}.Ad-Hoc|iPhone.Deploy.0 = Release|Any CPU
		{B5CA24F1-1A28-42BE-B299-053E4242AA63}.Ad-Hoc|iPhoneSimulator.ActiveCfg = Release|Any CPU
		{B5CA24F1-1A28-42BE-B299-053E4242AA63}.Ad-Hoc|iPhoneSimulator.Build.0 = Release|Any CPU
		{B5CA24F1-1A28-42BE-B299-053E4242AA63}.Ad-Hoc|iPhoneSimulator.Deploy.0 = Release|Any CPU
		{B5CA24F1-1A28-42BE-B299-053E4242AA63}.AppStore|Any CPU.ActiveCfg = Release|Any CPU
		{B5CA24F1-1A28-42BE-B299-053E4242AA63}.AppStore|Any CPU.Build.0 = Release|Any CPU
		{B5CA24F1-1A28-42BE-B299-053E4242AA63}.AppStore|Any CPU.Deploy.0 = Release|Any CPU
		{B5CA24F1-1A28-42BE-B299-053E4242AA63}.AppStore|iPhone.ActiveCfg = Release|Any CPU
		{B5CA24F1-1A28-42BE-B299-053E4242AA63}.AppStore|iPhone.Build.0 = Release|Any CPU
		{B5CA24F1-1A28-42BE-B299-053E4242AA63}.AppStore|iPhone.Deploy.0 = Release|Any CPU
		{B5CA24F1-1A28-42BE-B299-053E4242AA63}.AppStore|iPhoneSimulator.ActiveCfg = Release|Any CPU
		{B5CA24F1-1A28-42BE-B299-053E4242AA63}.AppStore|iPhoneSimulator.Build.0 = Release|Any CPU
		{B5CA24F1-1A28-42BE-B299-053E4242AA63}.AppStore|iPhoneSimulator.Deploy.0 = Release|Any CPU
		{B5CA24F1-1A28-42BE-B299-053E4242AA63}.Debug|Any CPU.ActiveCfg = Debug|Any CPU
		{B5CA24F1-1A28-42BE-B299-053E4242AA63}.Debug|Any CPU.Build.0 = Debug|Any CPU
		{B5CA24F1-1A28-42BE-B299-053E4242AA63}.Debug|Any CPU.Deploy.0 = Debug|Any CPU
		{B5CA24F1-1A28-42BE-B299-053E4242AA63}.Debug|iPhone.ActiveCfg = Debug|Any CPU
		{B5CA24F1-1A28-42BE-B299-053E4242AA63}.Debug|iPhone.Build.0 = Debug|Any CPU
		{B5CA24F1-1A28-42BE-B299-053E4242AA63}.Debug|iPhone.Deploy.0 = Debug|Any CPU
		{B5CA24F1-1A28-42BE-B299-053E4242AA63}.Debug|iPhoneSimulator.ActiveCfg = Debug|Any CPU
		{B5CA24F1-1A28-42BE-B299-053E4242AA63}.Debug|iPhoneSimulator.Build.0 = Debug|Any CPU
		{B5CA24F1-1A28-42BE-B299-053E4242AA63}.Debug|iPhoneSimulator.Deploy.0 = Debug|Any CPU
		{B5CA24F1-1A28-42BE-B299-053E4242AA63}.Release|Any CPU.ActiveCfg = Release|Any CPU
		{B5CA24F1-1A28-42BE-B299-053E4242AA63}.Release|Any CPU.Build.0 = Release|Any CPU
		{B5CA24F1-1A28-42BE-B299-053E4242AA63}.Release|Any CPU.Deploy.0 = Release|Any CPU
		{B5CA24F1-1A28-42BE-B299-053E4242AA63}.Release|iPhone.ActiveCfg = Release|Any CPU
		{B5CA24F1-1A28-42BE-B299-053E4242AA63}.Release|iPhone.Build.0 = Release|Any CPU
		{B5CA24F1-1A28-42BE-B299-053E4242AA63}.Release|iPhone.Deploy.0 = Release|Any CPU
		{B5CA24F1-1A28-42BE-B299-053E4242AA63}.Release|iPhoneSimulator.ActiveCfg = Release|Any CPU
		{B5CA24F1-1A28-42BE-B299-053E4242AA63}.Release|iPhoneSimulator.Build.0 = Release|Any CPU
		{B5CA24F1-1A28-42BE-B299-053E4242AA63}.Release|iPhoneSimulator.Deploy.0 = Release|Any CPU
		{8B928BC9-BD69-476C-BCDC-4F552C7263C9}.Ad-Hoc|Any CPU.ActiveCfg = Ad-Hoc|iPhone
		{8B928BC9-BD69-476C-BCDC-4F552C7263C9}.Ad-Hoc|iPhone.ActiveCfg = Ad-Hoc|iPhone
		{8B928BC9-BD69-476C-BCDC-4F552C7263C9}.Ad-Hoc|iPhone.Build.0 = Ad-Hoc|iPhone
		{8B928BC9-BD69-476C-BCDC-4F552C7263C9}.Ad-Hoc|iPhoneSimulator.ActiveCfg = Ad-Hoc|iPhoneSimulator
		{8B928BC9-BD69-476C-BCDC-4F552C7263C9}.Ad-Hoc|iPhoneSimulator.Build.0 = Ad-Hoc|iPhoneSimulator
		{8B928BC9-BD69-476C-BCDC-4F552C7263C9}.AppStore|Any CPU.ActiveCfg = AppStore|iPhone
		{8B928BC9-BD69-476C-BCDC-4F552C7263C9}.AppStore|iPhone.ActiveCfg = AppStore|iPhone
		{8B928BC9-BD69-476C-BCDC-4F552C7263C9}.AppStore|iPhone.Build.0 = AppStore|iPhone
		{8B928BC9-BD69-476C-BCDC-4F552C7263C9}.AppStore|iPhoneSimulator.ActiveCfg = AppStore|iPhoneSimulator
		{8B928BC9-BD69-476C-BCDC-4F552C7263C9}.AppStore|iPhoneSimulator.Build.0 = AppStore|iPhoneSimulator
		{8B928BC9-BD69-476C-BCDC-4F552C7263C9}.Debug|Any CPU.ActiveCfg = Debug|iPhone
		{8B928BC9-BD69-476C-BCDC-4F552C7263C9}.Debug|iPhone.ActiveCfg = Debug|iPhone
		{8B928BC9-BD69-476C-BCDC-4F552C7263C9}.Debug|iPhone.Build.0 = Debug|iPhone
		{8B928BC9-BD69-476C-BCDC-4F552C7263C9}.Debug|iPhoneSimulator.ActiveCfg = Debug|iPhoneSimulator
		{8B928BC9-BD69-476C-BCDC-4F552C7263C9}.Debug|iPhoneSimulator.Build.0 = Debug|iPhoneSimulator
		{8B928BC9-BD69-476C-BCDC-4F552C7263C9}.Release|Any CPU.ActiveCfg = Release|iPhone
		{8B928BC9-BD69-476C-BCDC-4F552C7263C9}.Release|iPhone.ActiveCfg = Release|iPhone
		{8B928BC9-BD69-476C-BCDC-4F552C7263C9}.Release|iPhone.Build.0 = Release|iPhone
		{8B928BC9-BD69-476C-BCDC-4F552C7263C9}.Release|iPhoneSimulator.ActiveCfg = Release|iPhoneSimulator
		{8B928BC9-BD69-476C-BCDC-4F552C7263C9}.Release|iPhoneSimulator.Build.0 = Release|iPhoneSimulator
	EndGlobalSection
	GlobalSection(SolutionProperties) = preSolution
		HideSolutionNode = FALSE
	EndGlobalSection
	GlobalSection(ExtensibilityGlobals) = postSolution
		SolutionGuid = {AA521057-7DDF-4B64-A009-66BCC9427414}
	EndGlobalSection
EndGlobal
